
Microsoft Visual Studio Solution File, Format Version 12.00
# Visual Studio 15
VisualStudioVersion = 15.0.28307.489
MinimumVisualStudioVersion = 10.0.40219.1
Project("{9A19103F-16F7-4668-BE54-9A1E7A4F7556}") = "homework", "Text1\homework.csproj", "{EEBBBC4D-7AA9-4F4B-A5FF-D28DBD2D6D70}"
EndProject
Project("{9A19103F-16F7-4668-BE54-9A1E7A4F7556}") = "js", "WebApplication1\js.csproj", "{69D7D645-D1EA-4BCA-8F76-F9B7E092DCF2}"
EndProject
Global
	GlobalSection(SolutionConfigurationPlatforms) = preSolution
		Debug|Any CPU = Debug|Any CPU
		Release|Any CPU = Release|Any CPU
	EndGlobalSection
	GlobalSection(ProjectConfigurationPlatforms) = postSolution
		{EEBBBC4D-7AA9-4F4B-A5FF-D28DBD2D6D70}.Debug|Any CPU.ActiveCfg = Debug|Any CPU
		{EEBBBC4D-7AA9-4F4B-A5FF-D28DBD2D6D70}.Debug|Any CPU.Build.0 = Debug|Any CPU
		{EEBBBC4D-7AA9-4F4B-A5FF-D28DBD2D6D70}.Release|Any CPU.ActiveCfg = Release|Any CPU
		{EEBBBC4D-7AA9-4F4B-A5FF-D28DBD2D6D70}.Release|Any CPU.Build.0 = Release|Any CPU
		{69D7D645-D1EA-4BCA-8F76-F9B7E092DCF2}.Debug|Any CPU.ActiveCfg = Debug|Any CPU
		{69D7D645-D1EA-4BCA-8F76-F9B7E092DCF2}.Debug|Any CPU.Build.0 = Debug|Any CPU
		{69D7D645-D1EA-4BCA-8F76-F9B7E092DCF2}.Release|Any CPU.ActiveCfg = Release|Any CPU
		{69D7D645-D1EA-4BCA-8F76-F9B7E092DCF2}.Release|Any CPU.Build.0 = Release|Any CPU
	EndGlobalSection
	GlobalSection(SolutionProperties) = preSolution
		HideSolutionNode = FALSE
	EndGlobalSection
	GlobalSection(ExtensibilityGlobals) = postSolution
		SolutionGuid = {8689F71F-9070-4767-BDF5-57C374D4B279}
	EndGlobalSection
EndGlobal
